{
  "name": "node-js-getting-started",
  "version": "0.3.0",
  "lockfileVersion": 1,
  "requires": true,
  "dependencies": {
    "@texnous/latex": {
      "version": "0.1.5",
      "resolved": "https://registry.npmjs.org/@texnous/latex/-/latex-0.1.5.tgz",
      "integrity": "sha1-o5NuKZ+j6NbqjNYGkBTEByo4Qpg="
    },
    "@texnous/latex-parser": {
      "version": "0.1.4",
      "resolved": "https://registry.npmjs.org/@texnous/latex-parser/-/latex-parser-0.1.4.tgz",
      "integrity": "sha1-h7njR2t2m8WKhg9q9DK9dYaNyZw=",
      "requires": {
        "@texnous/latex": "~0.1.4",
        "@texnous/latex-syntax": "~0.1.3",
        "@texnous/latex-tree": "~0.1.4",
        "@texnous/parser": "~0.1.2"
      }
    },
    "@texnous/latex-syntax": {
      "version": "0.1.5",
      "resolved": "https://registry.npmjs.org/@texnous/latex-syntax/-/latex-syntax-0.1.5.tgz",
      "integrity": "sha1-a0Mc98zpQoH8LawOavuumv84rTo=",
      "requires": {
        "@texnous/latex": "~0.1.4"
      }
    },
    "@texnous/latex-tree": {
      "version": "0.1.4",
      "resolved": "https://registry.npmjs.org/@texnous/latex-tree/-/latex-tree-0.1.4.tgz",
      "integrity": "sha1-4fcd1Hx+GfIwMoImDStFqWnswbc=",
      "requires": {
        "@texnous/latex": "~0.1.4",
        "@texnous/latex-syntax": "~0.1.3",
        "@texnous/syntax-tree": "~0.1.2"
      }
    },
    "@texnous/parser": {
      "version": "0.1.2",
      "resolved": "https://registry.npmjs.org/@texnous/parser/-/parser-0.1.2.tgz",
      "integrity": "sha1-r8FWj/YnzBFWkOXCMdQmacLyQh4=",
      "requires": {
        "@texnous/syntax-tree": "~0.1.2"
      }
    },
    "@texnous/syntax-tree": {
      "version": "0.1.2",
      "resolved": "https://registry.npmjs.org/@texnous/syntax-tree/-/syntax-tree-0.1.2.tgz",
      "integrity": "sha1-j68Yw90NmJtQEvP4ZgfLfjf4P7g=",
      "requires": {
        "@texnous/tree": "~0.1.6"
      }
    },
    "@texnous/tree": {
      "version": "0.1.6",
      "resolved": "https://registry.npmjs.org/@texnous/tree/-/tree-0.1.6.tgz",
      "integrity": "sha1-h9f7jqK4ZL8JRXMfFIUltkV4ksg="
    }
  }
}
